// !$*UTF8*$!
{
	archiveVersion = 1;
	classes = {
	};
	objectVersion = 46;
	objects = {

/* Begin PBXBuildFile section */
		12F9BF1919EEB141001967B9 /* AppDelegate.swift in Sources */ = {isa = PBXBuildFile; fileRef = 12F9BF1819EEB141001967B9 /* AppDelegate.swift */; };
		12F9BF1B19EEB141001967B9 /* ViewController.swift in Sources */ = {isa = PBXBuildFile; fileRef = 12F9BF1A19EEB141001967B9 /* ViewController.swift */; };
		12F9BF1E19EEB141001967B9 /* Main.storyboard in Resources */ = {isa = PBXBuildFile; fileRef = 12F9BF1C19EEB141001967B9 /* Main.storyboard */; };
		12F9BF2019EEB141001967B9 /* Images.xcassets in Resources */ = {isa = PBXBuildFile; fileRef = 12F9BF1F19EEB141001967B9 /* Images.xcassets */; };
		12F9BF2319EEB141001967B9 /* LaunchScreen.xib in Resources */ = {isa = PBXBuildFile; fileRef = 12F9BF2119EEB141001967B9 /* LaunchScreen.xib */; };
		12F9BF2F19EEB141001967B9 /* MultimediaSampleTests.swift in Sources */ = {isa = PBXBuildFile; fileRef = 12F9BF2E19EEB141001967B9 /* MultimediaSampleTests.swift */; };
		12FB68DA1BF3773300DBC5CA /* big-buck-bunny-clip.m4v in Resources */ = {isa = PBXBuildFile; fileRef = 12FB68D71BF3773300DBC5CA /* big-buck-bunny-clip.m4v */; };
		12FB68DB1BF3773300DBC5CA /* movie.mp4 in Resources */ = {isa = PBXBuildFile; fileRef = 12FB68D81BF3773300DBC5CA /* movie.mp4 */; };
		12FB68DC1BF3773300DBC5CA /* musica.mp3 in Resources */ = {isa = PBXBuildFile; fileRef = 12FB68D91BF3773300DBC5CA /* musica.mp3 */; };
/* End PBXBuildFile section */

/* Begin PBXContainerItemProxy section */
		12F9BF2919EEB141001967B9 /* PBXContainerItemProxy */ = {
			isa = PBXContainerItemProxy;
			containerPortal = 12F9BF0B19EEB141001967B9 /* Project object */;
			proxyType = 1;
			remoteGlobalIDString = 12F9BF1219EEB141001967B9;
			remoteInfo = MultimediaSample;
		};
/* End PBXContainerItemProxy section */

/* Begin PBXFileReference section */
		12F9BF1319EEB141001967B9 /* MultimediaSample.app */ = {isa = PBXFileReference; explicitFileType = wrapper.application; includeInIndex = 0; path = MultimediaSample.app; sourceTree = BUILT_PRODUCTS_DIR; };
		12F9BF1719EEB141001967B9 /* Info.plist */ = {isa = PBXFileReference; lastKnownFileType = text.plist.xml; path = Info.plist; sourceTree = "<group>"; };
		12F9BF1819EEB141001967B9 /* AppDelegate.swift */ = {isa = PBXFileReference; lastKnownFileType = sourcecode.swift; path = AppDelegate.swift; sourceTree = "<group>"; };
		12F9BF1A19EEB141001967B9 /* ViewController.swift */ = {isa = PBXFileReference; lastKnownFileType = sourcecode.swift; path = ViewController.swift; sourceTree = "<group>"; };
		12F9BF1D19EEB141001967B9 /* Base */ = {isa = PBXFileReference; lastKnownFileType = file.storyboard; name = Base; path = Base.lproj/Main.storyboard; sourceTree = "<group>"; };
		12F9BF1F19EEB141001967B9 /* Images.xcassets */ = {isa = PBXFileReference; lastKnownFileType = folder.assetcatalog; path = Images.xcassets; sourceTree = "<group>"; };
		12F9BF2219EEB141001967B9 /* Base */ = {isa = PBXFileReference; lastKnownFileType = file.xib; name = Base; path = Base.lproj/LaunchScreen.xib; sourceTree = "<group>"; };
		12F9BF2819EEB141001967B9 /* MultimediaSampleTests.xctest */ = {isa = PBXFileReference; explicitFileType = wrapper.cfbundle; includeInIndex = 0; path = MultimediaSampleTests.xctest; sourceTree = BUILT_PRODUCTS_DIR; };
		12F9BF2D19EEB141001967B9 /* Info.plist */ = {isa = PBXFileReference; lastKnownFileType = text.plist.xml; path = Info.plist; sourceTree = "<group>"; };
		12F9BF2E19EEB141001967B9 /* MultimediaSampleTests.swift */ = {isa = PBXFileReference; lastKnownFileType = sourcecode.swift; path = MultimediaSampleTests.swift; sourceTree = "<group>"; };
		12FB68D71BF3773300DBC5CA /* big-buck-bunny-clip.m4v */ = {isa = PBXFileReference; lastKnownFileType = file; path = "big-buck-bunny-clip.m4v"; sourceTree = "<group>"; };
		12FB68D81BF3773300DBC5CA /* movie.mp4 */ = {isa = PBXFileReference; lastKnownFileType = file; path = movie.mp4; sourceTree = "<group>"; };
		12FB68D91BF3773300DBC5CA /* musica.mp3 */ = {isa = PBXFileReference; lastKnownFileType = audio.mp3; path = musica.mp3; sourceTree = "<group>"; };
/* End PBXFileReference section */

/* Begin PBXFrameworksBuildPhase section */
		12F9BF1019EEB141001967B9 /* Frameworks */ = {
			isa = PBXFrameworksBuildPhase;
			buildActionMask = 2147483647;
			files = (
			);
			runOnlyForDeploymentPostprocessing = 0;
		};
		12F9BF2519EEB141001967B9 /* Frameworks */ = {
			isa = PBXFrameworksBuildPhase;
			buildActionMask = 2147483647;
			files = (
			);
			runOnlyForDeploymentPostprocessing = 0;
		};
/* End PBXFrameworksBuildPhase section */

/* Begin PBXGroup section */
		12F9BF0A19EEB141001967B9 = {
			isa = PBXGroup;
			children = (
				12F9BF1519EEB141001967B9 /* MultimediaSample */,
				12F9BF2B19EEB141001967B9 /* MultimediaSampleTests */,
				12F9BF1419EEB141001967B9 /* Products */,
			);
			sourceTree = "<group>";
		};
		12F9BF1419EEB141001967B9 /* Products */ = {
			isa = PBXGroup;
			children = (
				12F9BF1319EEB141001967B9 /* MultimediaSample.app */,
				12F9BF2819EEB141001967B9 /* MultimediaSampleTests.xctest */,
			);
			name = Products;
			sourceTree = "<group>";
		};
		12F9BF1519EEB141001967B9 /* MultimediaSample */ = {
			isa = PBXGroup;
			children = (
				12F9BF1819EEB141001967B9 /* AppDelegate.swift */,
				12F9BF1A19EEB141001967B9 /* ViewController.swift */,
				12F9BF1C19EEB141001967B9 /* Main.storyboard */,
				12F9BF2119EEB141001967B9 /* LaunchScreen.xib */,
				12F9BF1F19EEB141001967B9 /* Images.xcassets */,
				12FB68D61BF3773300DBC5CA /* Resource */,
				12F9BF1619EEB141001967B9 /* Supporting Files */,
			);
			path = MultimediaSample;
			sourceTree = "<group>";
		};
		12F9BF1619EEB141001967B9 /* Supporting Files */ = {
			isa = PBXGroup;
			children = (
				12F9BF1719EEB141001967B9 /* Info.plist */,
			);
			name = "Supporting Files";
			sourceTree = "<group>";
		};
		12F9BF2B19EEB141001967B9 /* MultimediaSampleTests */ = {
			isa = PBXGroup;
			children = (
				12F9BF2E19EEB141001967B9 /* MultimediaSampleTests.swift */,
				12F9BF2C19EEB141001967B9 /* Supporting Files */,
			);
			path = MultimediaSampleTests;
			sourceTree = "<group>";
		};
		12F9BF2C19EEB141001967B9 /* Supporting Files */ = {
			isa = PBXGroup;
			children = (
				12F9BF2D19EEB141001967B9 /* Info.plist */,
			);
			name = "Supporting Files";
			sourceTree = "<group>";
		};
		12FB68D61BF3773300DBC5CA /* Resource */ = {
			isa = PBXGroup;
			children = (
				12FB68D71BF3773300DBC5CA /* big-buck-bunny-clip.m4v */,
				12FB68D81BF3773300DBC5CA /* movie.mp4 */,
				12FB68D91BF3773300DBC5CA /* musica.mp3 */,
			);
			path = Resource;
			sourceTree = "<group>";
		};
/* End PBXGroup section */

/* Begin PBXNativeTarget section */
		12F9BF1219EEB141001967B9 /* MultimediaSample */ = {
			isa = PBXNativeTarget;
			buildConfigurationList = 12F9BF3219EEB141001967B9 /* Build configuration list for PBXNativeTarget "MultimediaSample" */;
			buildPhases = (
				12F9BF0F19EEB141001967B9 /* Sources */,
				12F9BF1019EEB141001967B9 /* Frameworks */,
				12F9BF1119EEB141001967B9 /* Resources */,
			);
			buildRules = (
			);
			dependencies = (
			);
			name = MultimediaSample;
			productName = MultimediaSample;
			productReference = 12F9BF1319EEB141001967B9 /* MultimediaSample.app */;
			productType = "com.apple.product-type.application";
		};
		12F9BF2719EEB141001967B9 /* MultimediaSampleTests */ = {
			isa = PBXNativeTarget;
			buildConfigurationList = 12F9BF3519EEB141001967B9 /* Build configuration list for PBXNativeTarget "MultimediaSampleTests" */;
			buildPhases = (
				12F9BF2419EEB141001967B9 /* Sources */,
				12F9BF2519EEB141001967B9 /* Frameworks */,
				12F9BF2619EEB141001967B9 /* Resources */,
			);
			buildRules = (
			);
			dependencies = (
				12F9BF2A19EEB141001967B9 /* PBXTargetDependency */,
			);
			name = MultimediaSampleTests;
			productName = MultimediaSampleTests;
			productReference = 12F9BF2819EEB141001967B9 /* MultimediaSampleTests.xctest */;
			productType = "com.apple.product-type.bundle.unit-test";
		};
/* End PBXNativeTarget section */

/* Begin PBXProject section */
		12F9BF0B19EEB141001967B9 /* Project object */ = {
			isa = PBXProject;
			attributes = {
				LastSwiftMigration = 0700;
				LastSwiftUpdateCheck = 0700;
				LastUpgradeCheck = 0710;
				ORGANIZATIONNAME = FIAP;
				TargetAttributes = {
					12F9BF1219EEB141001967B9 = {
						CreatedOnToolsVersion = 6.0.1;
					};
					12F9BF2719EEB141001967B9 = {
						CreatedOnToolsVersion = 6.0.1;
						TestTargetID = 12F9BF1219EEB141001967B9;
					};
				};
			};
			buildConfigurationList = 12F9BF0E19EEB141001967B9 /* Build configuration list for PBXProject "MultimediaSample" */;
			compatibilityVersion = "Xcode 3.2";
			developmentRegion = English;
			hasScannedForEncodings = 0;
			knownRegions = (
				en,
				Base,
			);
			mainGroup = 12F9BF0A19EEB141001967B9;
			productRefGroup = 12F9BF1419EEB141001967B9 /* Products */;
			projectDirPath = "";
			projectRoot = "";
			targets = (
				12F9BF1219EEB141001967B9 /* MultimediaSample */,
				12F9BF2719EEB141001967B9 /* MultimediaSampleTests */,
			);
		};
/* End PBXProject section */

/* Begin PBXResourcesBuildPhase section */
		12F9BF1119EEB141001967B9 /* Resources */ = {
			isa = PBXResourcesBuildPhase;
			buildActionMask = 2147483647;
			files = (
				12F9BF1E19EEB141001967B9 /* Main.storyboard in Resources */,
				12F9BF2319EEB141001967B9 /* LaunchScreen.xib in Resources */,
				12FB68DA1BF3773300DBC5CA /* big-buck-bunny-clip.m4v in Resources */,
				12F9BF2019EEB141001967B9 /* Images.xcassets in Resources */,
				12FB68DC1BF3773300DBC5CA /* musica.mp3 in Resources */,
				12FB68DB1BF3773300DBC5CA /* movie.mp4 in Resources */,
			);
			runOnlyForDeploymentPostprocessing = 0;
		};
		12F9BF2619EEB141001967B9 /* Resources */ = {
			isa = PBXResourcesBuildPhase;
			buildActionMask = 2147483647;
			files = (
			);
			runOnlyForDeploymentPostprocessing = 0;
		};
/* End PBXResourcesBuildPhase section */

/* Begin PBXSourcesBuildPhase section */
		12F9BF0F19EEB141001967B9 /* Sources */ = {
			isa = PBXSourcesBuildPhase;
			buildActionMask = 2147483647;
			files = (
				12F9BF1B19EEB141001967B9 /* ViewController.swift in Sources */,
				12F9BF1919EEB141001967B9 /* AppDelegate.swift in Sources */,
			);
			runOnlyForDeploymentPostprocessing = 0;
		};
		12F9BF2419EEB141001967B9 /* Sources */ = {
			isa = PBXSourcesBuildPhase;
			buildActionMask = 2147483647;
			files = (
				12F9BF2F19EEB141001967B9 /* MultimediaSampleTests.swift in Sources */,
			);
			runOnlyForDeploymentPostprocessing = 0;
		};
/* End PBXSourcesBuildPhase section */

/* Begin PBXTargetDependency section */
		12F9BF2A19EEB141001967B9 /* PBXTargetDependency */ = {
			isa = PBXTargetDependency;
			target = 12F9BF1219EEB141001967B9 /* MultimediaSample */;
			targetProxy = 12F9BF2919EEB141001967B9 /* PBXContainerItemProxy */;
		};
/* End PBXTargetDependency section */

/* Begin PBXVariantGroup section */
		12F9BF1C19EEB141001967B9 /* Main.storyboard */ = {
			isa = PBXVariantGroup;
			children = (
				12F9BF1D19EEB141001967B9 /* Base */,
			);
			name = Main.storyboard;
			sourceTree = "<group>";
		};
		12F9BF2119EEB141001967B9 /* LaunchScreen.xib */ = {
			isa = PBXVariantGroup;
			children = (
				12F9BF2219EEB141001967B9 /* Base */,
			);
			name = LaunchScreen.xib;
			sourceTree = "<group>";
		};
/* End PBXVariantGroup section */

/* Begin XCBuildConfiguration section */
		12F9BF3019EEB141001967B9 /* Debug */ = {
			isa = XCBuildConfiguration;
			buildSettings = {
				ALWAYS_SEARCH_USER_PATHS = NO;
				CLANG_CXX_LANGUAGE_STANDARD = "gnu++0x";
				CLANG_CXX_LIBRARY = "libc++";
				CLANG_ENABLE_MODULES = YES;
				CLANG_ENABLE_OBJC_ARC = YES;
				CLANG_WARN_BOOL_CONVERSION = YES;
				CLANG_WARN_CONSTANT_CONVERSION = YES;
				CLANG_WARN_DIRECT_OBJC_ISA_USAGE = YES_ERROR;
				CLANG_WARN_EMPTY_BODY = YES;
				CLANG_WARN_ENUM_CONVERSION = YES;
				CLANG_WARN_INT_CONVERSION = YES;
				CLANG_WARN_OBJC_ROOT_CLASS = YES_ERROR;
				CLANG_WARN_UNREACHABLE_CODE = YES;
				CLANG_WARN__DUPLICATE_METHOD_MATCH = YES;
				"CODE_SIGN_IDENTITY[sdk=iphoneos*]" = "iPhone Developer";
				COPY_PHASE_STRIP = NO;
				ENABLE_STRICT_OBJC_MSGSEND = YES;
				ENABLE_TESTABILITY = YES;
				GCC_C_LANGUAGE_STANDARD = gnu99;
				GCC_DYNAMIC_NO_PIC = NO;
				GCC_OPTIMIZATION_LEVEL = 0;
				GCC_PREPROCESSOR_DEFINITIONS = (
					"DEBUG=1",
					"$(inherited)",
				);
				GCC_SYMBOLS_PRIVATE_EXTERN = NO;
				GCC_WARN_64_TO_32_BIT_CONVERSION = YES;
				GCC_WARN_ABOUT_RETURN_TYPE = YES_ERROR;
				GCC_WARN_UNDECLARED_SELECTOR = YES;
				GCC_WARN_UNINITIALIZED_AUTOS = YES_AGGRESSIVE;
				GCC_WARN_UNUSED_FUNCTION = YES;
				GCC_WARN_UNUSED_VARIABLE = YES;
				IPHONEOS_DEPLOYMENT_TARGET = 9.0;
				MTL_ENABLE_DEBUG_INFO = YES;
				ONLY_ACTIVE_ARCH = YES;
				SDKROOT = iphoneos;
				SWIFT_OPTIMIZATION_LEVEL = "-Onone";
			};
			name = Debug;
		};
		12F9BF3119EEB141001967B9 /* Release */ = {
			isa = XCBuildConfiguration;
			buildSettings = {
				ALWAYS_SEARCH_USER_PATHS = NO;
				CLANG_CXX_LANGUAGE_STANDARD = "gnu++0x";
				CLANG_CXX_LIBRARY = "libc++";
				CLANG_ENABLE_MODULES = YES;
				CLANG_ENABLE_OBJC_ARC = YES;
				CLANG_WARN_BOOL_CONVERSION = YES;
				CLANG_WARN_CONSTANT_CONVERSION = YES;
				CLANG_WARN_DIRECT_OBJC_ISA_USAGE = YES_ERROR;
				CLANG_WARN_EMPTY_BODY = YES;
				CLANG_WARN_ENUM_CONVERSION = YES;
				CLANG_WARN_INT_CONVERSION = YES;
				CLANG_WARN_OBJC_ROOT_CLASS = YES_ERROR;
				CLANG_WARN_UNREACHABLE_CODE = YES;
				CLANG_WARN__DUPLICATE_METHOD_MATCH = YES;
				"CODE_SIGN_IDENTITY[sdk=iphoneos*]" = "iPhone Developer";
				COPY_PHASE_STRIP = YES;
				ENABLE_NS_ASSERTIONS = NO;
				ENABLE_STRICT_OBJC_MSGSEND = YES;
				GCC_C_LANGUAGE_STANDARD = gnu99;
				GCC_WARN_64_TO_32_BIT_CONVERSION = YES;
				GCC_WARN_ABOUT_RETURN_TYPE = YES_ERROR;
				GCC_WARN_UNDECLARED_SELECTOR = YES;
				GCC_WARN_UNINITIALIZED_AUTOS = YES_AGGRESSIVE;
				GCC_WARN_UNUSED_FUNCTION = YES;
				GCC_WARN_UNUSED_VARIABLE = YES;
				IPHONEOS_DEPLOYMENT_TARGET = 9.0;
				MTL_ENABLE_DEBUG_INFO = NO;
				SDKROOT = iphoneos;
				VALIDATE_PRODUCT = YES;
			};
			name = Release;
		};
		12F9BF3319EEB141001967B9 /* Debug */ = {
			isa = XCBuildConfiguration;
			buildSettings = {
				ASSETCATALOG_COMPILER_APPICON_NAME = AppIcon;
				INFOPLIST_FILE = MultimediaSample/Info.plist;
				LD_RUNPATH_SEARCH_PATHS = "$(inherited) @executable_path/Frameworks";
				PRODUCT_BUNDLE_IDENTIFIER = "br.com.fiap.$(PRODUCT_NAME:rfc1034identifier)";
				PRODUCT_NAME = "$(TARGET_NAME)";
			};
			name = Debug;
		};
		12F9BF3419EEB141001967B9 /* Release */ = {
			isa = XCBuildConfiguration;
			buildSettings = {
				ASSETCATALOG_COMPILER_APPICON_NAME = AppIcon;
				INFOPLIST_FILE = MultimediaSample/Info.plist;
				LD_RUNPATH_SEARCH_PATHS = "$(inherited) @executable_path/Frameworks";
				PRODUCT_BUNDLE_IDENTIFIER = "br.com.fiap.$(PRODUCT_NAME:rfc1034identifier)";
				PRODUCT_NAME = "$(TARGET_NAME)";
			};
			name = Release;
		};
		12F9BF3619EEB141001967B9 /* Debug */ = {
			isa = XCBuildConfiguration;
			buildSettings = {
				BUNDLE_LOADER = "$(TEST_HOST)";
				FRAMEWORK_SEARCH_PATHS = (
					"$(SDKROOT)/Developer/Library/Frameworks",
					"$(inherited)",
				);
				GCC_PREPROCESSOR_DEFINITIONS = (
					"DEBUG=1",
					"$(inherited)",
				);
				INFOPLIST_FILE = MultimediaSampleTests/Info.plist;
				LD_RUNPATH_SEARCH_PATHS = "$(inherited) @executable_path/Frameworks @loader_path/Frameworks";
				PRODUCT_BUNDLE_IDENTIFIER = "br.com.fiap.$(PRODUCT_NAME:rfc1034identifier)";
				PRODUCT_NAME = "$(TARGET_NAME)";
				TEST_HOST = "$(BUILT_PRODUCTS_DIR)/MultimediaSample.app/MultimediaSample";
			};
			name = Debug;
		};
		12F9BF3719EEB141001967B9 /* Release */ = {
			isa = XCBuildConfiguration;
			buildSettings = {
				BUNDLE_LOADER = "$(TEST_HOST)";
				FRAMEWORK_SEARCH_PATHS = (
					"$(SDKROOT)/Developer/Library/Frameworks",
					"$(inherited)",
				);
				INFOPLIST_FILE = MultimediaSampleTests/Info.plist;
				LD_RUNPATH_SEARCH_PATHS = "$(inherited) @executable_path/Frameworks @loader_path/Frameworks";
				PRODUCT_BUNDLE_IDENTIFIER = "br.com.fiap.$(PRODUCT_NAME:rfc1034identifier)";
				PRODUCT_NAME = "$(TARGET_NAME)";
				TEST_HOST = "$(BUILT_PRODUCTS_DIR)/MultimediaSample.app/MultimediaSample";
			};
			name = Release;
		};
/* End XCBuildConfiguration section */

/* Begin XCConfigurationList section */
		12F9BF0E19EEB141001967B9 /* Build configuration list for PBXProject "MultimediaSample" */ = {
			isa = XCConfigurationList;
			buildConfigurations = (
				12F9BF3019EEB141001967B9 /* Debug */,
				12F9BF3119EEB141001967B9 /* Release */,
			);
			defaultConfigurationIsVisible = 0;
			defaultConfigurationName = Release;
		};
		12F9BF3219EEB141001967B9 /* Build configuration list for PBXNativeTarget "MultimediaSample" */ = {
			isa = XCConfigurationList;
			buildConfigurations = (
				12F9BF3319EEB141001967B9 /* Debug */,
				12F9BF3419EEB141001967B9 /* Release */,
			);
			defaultConfigurationIsVisible = 0;
			defaultConfigurationName = Release;
		};
		12F9BF3519EEB141001967B9 /* Build configuration list for PBXNativeTarget "MultimediaSampleTests" */ = {
			isa = XCConfigurationList;
			buildConfigurations = (
				12F9BF3619EEB141001967B9 /* Debug */,
				12F9BF3719EEB141001967B9 /* Release */,
			);
			defaultConfigurationIsVisible = 0;
			defaultConfigurationName = Release;
		};
/* End XCConfigurationList section */
	};
	rootObject = 12F9BF0B19EEB141001967B9 /* Project object */;
}
